// !$*UTF8*$!
{
	archiveVersion = 1;
	classes = {
	};
	objectVersion = 46;
	objects = {

/* Begin PBXBuildFile section */
		D61AF3341AA72790006C2F55 /* ProfileContentViewController.m in Sources */ = {isa = PBXBuildFile; fileRef = D61AF3331AA72790006C2F55 /* ProfileContentViewController.m */; };
		D639976D1AA7D6FF001ABDBA /* DataManager.m in Sources */ = {isa = PBXBuildFile; fileRef = D639976C1AA7D6FF001ABDBA /* DataManager.m */; };
		D63997751AA7EB1B001ABDBA /* SwissBTBolCon.otf in Resources */ = {isa = PBXBuildFile; fileRef = D63997731AA7EB1B001ABDBA /* SwissBTBolCon.otf */; };
		D63997761AA7EB1B001ABDBA /* SwissBTLigCon.otf in Resources */ = {isa = PBXBuildFile; fileRef = D63997741AA7EB1B001ABDBA /* SwissBTLigCon.otf */; };
		D63997971AA7F24C001ABDBA /* 0.jpg in Resources */ = {isa = PBXBuildFile; fileRef = D63997781AA7F24C001ABDBA /* 0.jpg */; };
		D63997981AA7F24C001ABDBA /* 1.jpg in Resources */ = {isa = PBXBuildFile; fileRef = D63997791AA7F24C001ABDBA /* 1.jpg */; };
		D63997991AA7F24C001ABDBA /* 2.jpg in Resources */ = {isa = PBXBuildFile; fileRef = D639977A1AA7F24C001ABDBA /* 2.jpg */; };
		D639979A1AA7F24C001ABDBA /* 3.jpg in Resources */ = {isa = PBXBuildFile; fileRef = D639977B1AA7F24C001ABDBA /* 3.jpg */; };
		D639979B1AA7F24C001ABDBA /* 4.jpg in Resources */ = {isa = PBXBuildFile; fileRef = D639977C1AA7F24C001ABDBA /* 4.jpg */; };
		D639979C1AA7F24C001ABDBA /* 5.jpg in Resources */ = {isa = PBXBuildFile; fileRef = D639977D1AA7F24C001ABDBA /* 5.jpg */; };
		D639979D1AA7F24C001ABDBA /* 6.jpg in Resources */ = {isa = PBXBuildFile; fileRef = D639977E1AA7F24C001ABDBA /* 6.jpg */; };
		D639979E1AA7F24C001ABDBA /* 7.jpg in Resources */ = {isa = PBXBuildFile; fileRef = D639977F1AA7F24C001ABDBA /* 7.jpg */; };
		D639979F1AA7F24C001ABDBA /* 8.jpg in Resources */ = {isa = PBXBuildFile; fileRef = D63997801AA7F24C001ABDBA /* 8.jpg */; };
		D63997A01AA7F24C001ABDBA /* 9.jpg in Resources */ = {isa = PBXBuildFile; fileRef = D63997811AA7F24C001ABDBA /* 9.jpg */; };
		D63997A11AA7F24C001ABDBA /* 10.jpg in Resources */ = {isa = PBXBuildFile; fileRef = D63997821AA7F24C001ABDBA /* 10.jpg */; };
		D63997A21AA7F24C001ABDBA /* 11.jpg in Resources */ = {isa = PBXBuildFile; fileRef = D63997831AA7F24C001ABDBA /* 11.jpg */; };
		D63997A31AA7F24C001ABDBA /* 12.jpg in Resources */ = {isa = PBXBuildFile; fileRef = D63997841AA7F24C001ABDBA /* 12.jpg */; };
		D63997A41AA7F24C001ABDBA /* 13.jpg in Resources */ = {isa = PBXBuildFile; fileRef = D63997851AA7F24C001ABDBA /* 13.jpg */; };
		D63997A51AA7F24C001ABDBA /* 14.jpg in Resources */ = {isa = PBXBuildFile; fileRef = D63997861AA7F24C001ABDBA /* 14.jpg */; };
		D63997A61AA7F24C001ABDBA /* 15.jpg in Resources */ = {isa = PBXBuildFile; fileRef = D63997871AA7F24C001ABDBA /* 15.jpg */; };
		D63997A71AA7F24C001ABDBA /* 16.jpg in Resources */ = {isa = PBXBuildFile; fileRef = D63997881AA7F24C001ABDBA /* 16.jpg */; };
		D63997A81AA7F24C001ABDBA /* 17.jpg in Resources */ = {isa = PBXBuildFile; fileRef = D63997891AA7F24C001ABDBA /* 17.jpg */; };
		D63997A91AA7F24C001ABDBA /* 18.jpg in Resources */ = {isa = PBXBuildFile; fileRef = D639978A1AA7F24C001ABDBA /* 18.jpg */; };
		D63997AA1AA7F24C001ABDBA /* 19.jpg in Resources */ = {isa = PBXBuildFile; fileRef = D639978B1AA7F24C001ABDBA /* 19.jpg */; };
		D63997AB1AA7F24C001ABDBA /* 20.jpg in Resources */ = {isa = PBXBuildFile; fileRef = D639978C1AA7F24C001ABDBA /* 20.jpg */; };
		D63997AC1AA7F24C001ABDBA /* 21.jpg in Resources */ = {isa = PBXBuildFile; fileRef = D639978D1AA7F24C001ABDBA /* 21.jpg */; };
		D63997AD1AA7F24C001ABDBA /* 22.jpg in Resources */ = {isa = PBXBuildFile; fileRef = D639978E1AA7F24C001ABDBA /* 22.jpg */; };
		D63997AE1AA7F24C001ABDBA /* 23.jpg in Resources */ = {isa = PBXBuildFile; fileRef = D639978F1AA7F24C001ABDBA /* 23.jpg */; };
		D63997AF1AA7F24C001ABDBA /* 24.jpg in Resources */ = {isa = PBXBuildFile; fileRef = D63997901AA7F24C001ABDBA /* 24.jpg */; };
		D63997B01AA7F24C001ABDBA /* 25.jpg in Resources */ = {isa = PBXBuildFile; fileRef = D63997911AA7F24C001ABDBA /* 25.jpg */; };
		D63997B11AA7F24C001ABDBA /* 26.jpg in Resources */ = {isa = PBXBuildFile; fileRef = D63997921AA7F24C001ABDBA /* 26.jpg */; };
		D63997B21AA7F24C001ABDBA /* 27.jpg in Resources */ = {isa = PBXBuildFile; fileRef = D63997931AA7F24C001ABDBA /* 27.jpg */; };
		D63997B31AA7F24C001ABDBA /* 28.jpg in Resources */ = {isa = PBXBuildFile; fileRef = D63997941AA7F24C001ABDBA /* 28.jpg */; };
		D63997B41AA7F24C001ABDBA /* 29.jpg in Resources */ = {isa = PBXBuildFile; fileRef = D63997951AA7F24C001ABDBA /* 29.jpg */; };
		D63997B51AA7F24C001ABDBA /* 30.jpg in Resources */ = {isa = PBXBuildFile; fileRef = D63997961AA7F24C001ABDBA /* 30.jpg */; };
		D63997B81AA7F2E5001ABDBA /* loading@2x.png in Resources */ = {isa = PBXBuildFile; fileRef = D63997B71AA7F2E5001ABDBA /* loading@2x.png */; };
		D63997BC1AA7F472001ABDBA /* loading.png in Resources */ = {isa = PBXBuildFile; fileRef = D63997BB1AA7F472001ABDBA /* loading.png */; };
		D63997BE1AA7F8FC001ABDBA /* settings@2x.png in Resources */ = {isa = PBXBuildFile; fileRef = D63997BD1AA7F8FC001ABDBA /* settings@2x.png */; };
		D63997C11AA8066D001ABDBA /* FiltersViewController.m in Sources */ = {isa = PBXBuildFile; fileRef = D63997C01AA8066D001ABDBA /* FiltersViewController.m */; };
		D63997C31AA812C4001ABDBA /* personalProfile@2x.png in Resources */ = {isa = PBXBuildFile; fileRef = D63997C21AA812C4001ABDBA /* personalProfile@2x.png */; };
		D6437A671AA700DB0047FD66 /* main.m in Sources */ = {isa = PBXBuildFile; fileRef = D6437A661AA700DB0047FD66 /* main.m */; };
		D6437A6A1AA700DB0047FD66 /* AppDelegate.m in Sources */ = {isa = PBXBuildFile; fileRef = D6437A691AA700DB0047FD66 /* AppDelegate.m */; };
		D6437A6D1AA700DB0047FD66 /* DBS.xcdatamodeld in Sources */ = {isa = PBXBuildFile; fileRef = D6437A6B1AA700DB0047FD66 /* DBS.xcdatamodeld */; };
		D6437A701AA700DB0047FD66 /* ViewController.m in Sources */ = {isa = PBXBuildFile; fileRef = D6437A6F1AA700DB0047FD66 /* ViewController.m */; };
		D6437A731AA700DB0047FD66 /* Main.storyboard in Resources */ = {isa = PBXBuildFile; fileRef = D6437A711AA700DB0047FD66 /* Main.storyboard */; };
		D6437A751AA700DB0047FD66 /* Images.xcassets in Resources */ = {isa = PBXBuildFile; fileRef = D6437A741AA700DB0047FD66 /* Images.xcassets */; };
		D6437A781AA700DB0047FD66 /* LaunchScreen.xib in Resources */ = {isa = PBXBuildFile; fileRef = D6437A761AA700DB0047FD66 /* LaunchScreen.xib */; };
		D6437A841AA700DB0047FD66 /* DBSTests.m in Sources */ = {isa = PBXBuildFile; fileRef = D6437A831AA700DB0047FD66 /* DBSTests.m */; };
		D6437A941AA70C090047FD66 /* DraggableViewBackground.m in Sources */ = {isa = PBXBuildFile; fileRef = D6437A8F1AA70C090047FD66 /* DraggableViewBackground.m */; };
		D6437A951AA70C090047FD66 /* DraggableView.m in Sources */ = {isa = PBXBuildFile; fileRef = D6437A911AA70C090047FD66 /* DraggableView.m */; };
		D6437A961AA70C090047FD66 /* OverlayView.m in Sources */ = {isa = PBXBuildFile; fileRef = D6437A931AA70C090047FD66 /* OverlayView.m */; };
		D6437A991AA70D7F0047FD66 /* ProfileViewController.m in Sources */ = {isa = PBXBuildFile; fileRef = D6437A981AA70D7F0047FD66 /* ProfileViewController.m */; };
/* End PBXBuildFile section */

/* Begin PBXContainerItemProxy section */
		D6437A7E1AA700DB0047FD66 /* PBXContainerItemProxy */ = {
			isa = PBXContainerItemProxy;
			containerPortal = D6437A591AA700DB0047FD66 /* Project object */;
			proxyType = 1;
			remoteGlobalIDString = D6437A601AA700DB0047FD66;
			remoteInfo = DBS;
		};
/* End PBXContainerItemProxy section */

/* Begin PBXFileReference section */
		D61AF3321AA72790006C2F55 /* ProfileContentViewController.h */ = {isa = PBXFileReference; fileEncoding = 4; lastKnownFileType = sourcecode.c.h; path = ProfileContentViewController.h; sourceTree = "<group>"; };
		D61AF3331AA72790006C2F55 /* ProfileContentViewController.m */ = {isa = PBXFileReference; fileEncoding = 4; lastKnownFileType = sourcecode.c.objc; path = ProfileContentViewController.m; sourceTree = "<group>"; };
		D639976B1AA7D6FF001ABDBA /* DataManager.h */ = {isa = PBXFileReference; fileEncoding = 4; lastKnownFileType = sourcecode.c.h; path = DataManager.h; sourceTree = "<group>"; };
		D639976C1AA7D6FF001ABDBA /* DataManager.m */ = {isa = PBXFileReference; fileEncoding = 4; lastKnownFileType = sourcecode.c.objc; path = DataManager.m; sourceTree = "<group>"; };
		D63997731AA7EB1B001ABDBA /* SwissBTBolCon.otf */ = {isa = PBXFileReference; fileEncoding = 4; lastKnownFileType = text; path = SwissBTBolCon.otf; sourceTree = "<group>"; };
		D63997741AA7EB1B001ABDBA /* SwissBTLigCon.otf */ = {isa = PBXFileReference; fileEncoding = 4; lastKnownFileType = text; path = SwissBTLigCon.otf; sourceTree = "<group>"; };
		D63997781AA7F24C001ABDBA /* 0.jpg */ = {isa = PBXFileReference; lastKnownFileType = image.jpeg; path = 0.jpg; sourceTree = "<group>"; };
		D63997791AA7F24C001ABDBA /* 1.jpg */ = {isa = PBXFileReference; lastKnownFileType = image.jpeg; path = 1.jpg; sourceTree = "<group>"; };
		D639977A1AA7F24C001ABDBA /* 2.jpg */ = {isa = PBXFileReference; lastKnownFileType = image.jpeg; path = 2.jpg; sourceTree = "<group>"; };
		D639977B1AA7F24C001ABDBA /* 3.jpg */ = {isa = PBXFileReference; lastKnownFileType = image.jpeg; path = 3.jpg; sourceTree = "<group>"; };
		D639977C1AA7F24C001ABDBA /* 4.jpg */ = {isa = PBXFileReference; lastKnownFileType = image.jpeg; path = 4.jpg; sourceTree = "<group>"; };
		D639977D1AA7F24C001ABDBA /* 5.jpg */ = {isa = PBXFileReference; lastKnownFileType = image.jpeg; path = 5.jpg; sourceTree = "<group>"; };
		D639977E1AA7F24C001ABDBA /* 6.jpg */ = {isa = PBXFileReference; lastKnownFileType = image.jpeg; path = 6.jpg; sourceTree = "<group>"; };
		D639977F1AA7F24C001ABDBA /* 7.jpg */ = {isa = PBXFileReference; lastKnownFileType = image.jpeg; path = 7.jpg; sourceTree = "<group>"; };
		D63997801AA7F24C001ABDBA /* 8.jpg */ = {isa = PBXFileReference; lastKnownFileType = image.jpeg; path = 8.jpg; sourceTree = "<group>"; };
		D63997811AA7F24C001ABDBA /* 9.jpg */ = {isa = PBXFileReference; lastKnownFileType = image.jpeg; path = 9.jpg; sourceTree = "<group>"; };
		D63997821AA7F24C001ABDBA /* 10.jpg */ = {isa = PBXFileReference; lastKnownFileType = image.jpeg; path = 10.jpg; sourceTree = "<group>"; };
		D63997831AA7F24C001ABDBA /* 11.jpg */ = {isa = PBXFileReference; lastKnownFileType = image.jpeg; path = 11.jpg; sourceTree = "<group>"; };
		D63997841AA7F24C001ABDBA /* 12.jpg */ = {isa = PBXFileReference; lastKnownFileType = image.jpeg; path = 12.jpg; sourceTree = "<group>"; };
		D63997851AA7F24C001ABDBA /* 13.jpg */ = {isa = PBXFileReference; lastKnownFileType = image.jpeg; path = 13.jpg; sourceTree = "<group>"; };
		D63997861AA7F24C001ABDBA /* 14.jpg */ = {isa = PBXFileReference; lastKnownFileType = image.jpeg; path = 14.jpg; sourceTree = "<group>"; };
		D63997871AA7F24C001ABDBA /* 15.jpg */ = {isa = PBXFileReference; lastKnownFileType = image.jpeg; path = 15.jpg; sourceTree = "<group>"; };
		D63997881AA7F24C001ABDBA /* 16.jpg */ = {isa = PBXFileReference; lastKnownFileType = image.jpeg; path = 16.jpg; sourceTree = "<group>"; };
		D63997891AA7F24C001ABDBA /* 17.jpg */ = {isa = PBXFileReference; lastKnownFileType = image.jpeg; path = 17.jpg; sourceTree = "<group>"; };
		D639978A1AA7F24C001ABDBA /* 18.jpg */ = {isa = PBXFileReference; lastKnownFileType = image.jpeg; path = 18.jpg; sourceTree = "<group>"; };
		D639978B1AA7F24C001ABDBA /* 19.jpg */ = {isa = PBXFileReference; lastKnownFileType = image.jpeg; path = 19.jpg; sourceTree = "<group>"; };
		D639978C1AA7F24C001ABDBA /* 20.jpg */ = {isa = PBXFileReference; lastKnownFileType = image.jpeg; path = 20.jpg; sourceTree = "<group>"; };
		D639978D1AA7F24C001ABDBA /* 21.jpg */ = {isa = PBXFileReference; lastKnownFileType = image.jpeg; path = 21.jpg; sourceTree = "<group>"; };
		D639978E1AA7F24C001ABDBA /* 22.jpg */ = {isa = PBXFileReference; lastKnownFileType = image.jpeg; path = 22.jpg; sourceTree = "<group>"; };
		D639978F1AA7F24C001ABDBA /* 23.jpg */ = {isa = PBXFileReference; lastKnownFileType = image.jpeg; path = 23.jpg; sourceTree = "<group>"; };
		D63997901AA7F24C001ABDBA /* 24.jpg */ = {isa = PBXFileReference; lastKnownFileType = image.jpeg; path = 24.jpg; sourceTree = "<group>"; };
		D63997911AA7F24C001ABDBA /* 25.jpg */ = {isa = PBXFileReference; lastKnownFileType = image.jpeg; path = 25.jpg; sourceTree = "<group>"; };
		D63997921AA7F24C001ABDBA /* 26.jpg */ = {isa = PBXFileReference; lastKnownFileType = image.jpeg; path = 26.jpg; sourceTree = "<group>"; };
		D63997931AA7F24C001ABDBA /* 27.jpg */ = {isa = PBXFileReference; lastKnownFileType = image.jpeg; path = 27.jpg; sourceTree = "<group>"; };
		D63997941AA7F24C001ABDBA /* 28.jpg */ = {isa = PBXFileReference; lastKnownFileType = image.jpeg; path = 28.jpg; sourceTree = "<group>"; };
		D63997951AA7F24C001ABDBA /* 29.jpg */ = {isa = PBXFileReference; lastKnownFileType = image.jpeg; path = 29.jpg; sourceTree = "<group>"; };
		D63997961AA7F24C001ABDBA /* 30.jpg */ = {isa = PBXFileReference; lastKnownFileType = image.jpeg; path = 30.jpg; sourceTree = "<group>"; };
		D63997B71AA7F2E5001ABDBA /* loading@2x.png */ = {isa = PBXFileReference; lastKnownFileType = image.png; path = "loading@2x.png"; sourceTree = "<group>"; };
		D63997BB1AA7F472001ABDBA /* loading.png */ = {isa = PBXFileReference; lastKnownFileType = image.png; path = loading.png; sourceTree = "<group>"; };
		D63997BD1AA7F8FC001ABDBA /* settings@2x.png */ = {isa = PBXFileReference; lastKnownFileType = image.png; path = "settings@2x.png"; sourceTree = "<group>"; };
		D63997BF1AA8066D001ABDBA /* FiltersViewController.h */ = {isa = PBXFileReference; fileEncoding = 4; lastKnownFileType = sourcecode.c.h; path = FiltersViewController.h; sourceTree = "<group>"; };
		D63997C01AA8066D001ABDBA /* FiltersViewController.m */ = {isa = PBXFileReference; fileEncoding = 4; lastKnownFileType = sourcecode.c.objc; path = FiltersViewController.m; sourceTree = "<group>"; };
		D63997C21AA812C4001ABDBA /* personalProfile@2x.png */ = {isa = PBXFileReference; lastKnownFileType = image.png; path = "personalProfile@2x.png"; sourceTree = "<group>"; };
		D6437A611AA700DB0047FD66 /* DBS.app */ = {isa = PBXFileReference; explicitFileType = wrapper.application; includeInIndex = 0; path = DBS.app; sourceTree = BUILT_PRODUCTS_DIR; };
		D6437A651AA700DB0047FD66 /* Info.plist */ = {isa = PBXFileReference; lastKnownFileType = text.plist.xml; path = Info.plist; sourceTree = "<group>"; };
		D6437A661AA700DB0047FD66 /* main.m */ = {isa = PBXFileReference; lastKnownFileType = sourcecode.c.objc; path = main.m; sourceTree = "<group>"; };
		D6437A681AA700DB0047FD66 /* AppDelegate.h */ = {isa = PBXFileReference; lastKnownFileType = sourcecode.c.h; path = AppDelegate.h; sourceTree = "<group>"; };
		D6437A691AA700DB0047FD66 /* AppDelegate.m */ = {isa = PBXFileReference; lastKnownFileType = sourcecode.c.objc; path = AppDelegate.m; sourceTree = "<group>"; };
		D6437A6C1AA700DB0047FD66 /* DBS.xcdatamodel */ = {isa = PBXFileReference; lastKnownFileType = wrapper.xcdatamodel; path = DBS.xcdatamodel; sourceTree = "<group>"; };
		D6437A6E1AA700DB0047FD66 /* ViewController.h */ = {isa = PBXFileReference; lastKnownFileType = sourcecode.c.h; path = ViewController.h; sourceTree = "<group>"; };
		D6437A6F1AA700DB0047FD66 /* ViewController.m */ = {isa = PBXFileReference; lastKnownFileType = sourcecode.c.objc; path = ViewController.m; sourceTree = "<group>"; };
		D6437A721AA700DB0047FD66 /* Base */ = {isa = PBXFileReference; lastKnownFileType = file.storyboard; name = Base; path = Base.lproj/Main.storyboard; sourceTree = "<group>"; };
		D6437A741AA700DB0047FD66 /* Images.xcassets */ = {isa = PBXFileReference; lastKnownFileType = folder.assetcatalog; path = Images.xcassets; sourceTree = "<group>"; };
		D6437A771AA700DB0047FD66 /* Base */ = {isa = PBXFileReference; lastKnownFileType = file.xib; name = Base; path = Base.lproj/LaunchScreen.xib; sourceTree = "<group>"; };
		D6437A7D1AA700DB0047FD66 /* DBSTests.xctest */ = {isa = PBXFileReference; explicitFileType = wrapper.cfbundle; includeInIndex = 0; path = DBSTests.xctest; sourceTree = BUILT_PRODUCTS_DIR; };
		D6437A821AA700DB0047FD66 /* Info.plist */ = {isa = PBXFileReference; lastKnownFileType = text.plist.xml; path = Info.plist; sourceTree = "<group>"; };
		D6437A831AA700DB0047FD66 /* DBSTests.m */ = {isa = PBXFileReference; lastKnownFileType = sourcecode.c.objc; path = DBSTests.m; sourceTree = "<group>"; };
		D6437A8E1AA70C090047FD66 /* DraggableViewBackground.h */ = {isa = PBXFileReference; fileEncoding = 4; lastKnownFileType = sourcecode.c.h; path = DraggableViewBackground.h; sourceTree = "<group>"; };
		D6437A8F1AA70C090047FD66 /* DraggableViewBackground.m */ = {isa = PBXFileReference; fileEncoding = 4; lastKnownFileType = sourcecode.c.objc; path = DraggableViewBackground.m; sourceTree = "<group>"; };
		D6437A901AA70C090047FD66 /* DraggableView.h */ = {isa = PBXFileReference; fileEncoding = 4; lastKnownFileType = sourcecode.c.h; path = DraggableView.h; sourceTree = "<group>"; };
		D6437A911AA70C090047FD66 /* DraggableView.m */ = {isa = PBXFileReference; fileEncoding = 4; lastKnownFileType = sourcecode.c.objc; path = DraggableView.m; sourceTree = "<group>"; };
		D6437A921AA70C090047FD66 /* OverlayView.h */ = {isa = PBXFileReference; fileEncoding = 4; lastKnownFileType = sourcecode.c.h; path = OverlayView.h; sourceTree = "<group>"; };
		D6437A931AA70C090047FD66 /* OverlayView.m */ = {isa = PBXFileReference; fileEncoding = 4; lastKnownFileType = sourcecode.c.objc; path = OverlayView.m; sourceTree = "<group>"; };
		D6437A971AA70D7F0047FD66 /* ProfileViewController.h */ = {isa = PBXFileReference; fileEncoding = 4; lastKnownFileType = sourcecode.c.h; path = ProfileViewController.h; sourceTree = "<group>"; };
		D6437A981AA70D7F0047FD66 /* ProfileViewController.m */ = {isa = PBXFileReference; fileEncoding = 4; lastKnownFileType = sourcecode.c.objc; path = ProfileViewController.m; sourceTree = "<group>"; };
/* End PBXFileReference section */

/* Begin PBXFrameworksBuildPhase section */
		D6437A5E1AA700DB0047FD66 /* Frameworks */ = {
			isa = PBXFrameworksBuildPhase;
			buildActionMask = 2147483647;
			files = (
			);
			runOnlyForDeploymentPostprocessing = 0;
		};
		D6437A7A1AA700DB0047FD66 /* Frameworks */ = {
			isa = PBXFrameworksBuildPhase;
			buildActionMask = 2147483647;
			files = (
			);
			runOnlyForDeploymentPostprocessing = 0;
		};
/* End PBXFrameworksBuildPhase section */

/* Begin PBXGroup section */
		D63997721AA7EAA2001ABDBA /* font */ = {
			isa = PBXGroup;
			children = (
				D63997731AA7EB1B001ABDBA /* SwissBTBolCon.otf */,
				D63997741AA7EB1B001ABDBA /* SwissBTLigCon.otf */,
			);
			name = font;
			sourceTree = "<group>";
		};
		D63997771AA7F23A001ABDBA /* profileHeads */ = {
			isa = PBXGroup;
			children = (
				D63997781AA7F24C001ABDBA /* 0.jpg */,
				D63997791AA7F24C001ABDBA /* 1.jpg */,
				D639977A1AA7F24C001ABDBA /* 2.jpg */,
				D639977B1AA7F24C001ABDBA /* 3.jpg */,
				D639977C1AA7F24C001ABDBA /* 4.jpg */,
				D639977D1AA7F24C001ABDBA /* 5.jpg */,
				D639977E1AA7F24C001ABDBA /* 6.jpg */,
				D639977F1AA7F24C001ABDBA /* 7.jpg */,
				D63997801AA7F24C001ABDBA /* 8.jpg */,
				D63997811AA7F24C001ABDBA /* 9.jpg */,
				D63997821AA7F24C001ABDBA /* 10.jpg */,
				D63997831AA7F24C001ABDBA /* 11.jpg */,
				D63997841AA7F24C001ABDBA /* 12.jpg */,
				D63997851AA7F24C001ABDBA /* 13.jpg */,
				D63997861AA7F24C001ABDBA /* 14.jpg */,
				D63997871AA7F24C001ABDBA /* 15.jpg */,
				D63997881AA7F24C001ABDBA /* 16.jpg */,
				D63997891AA7F24C001ABDBA /* 17.jpg */,
				D639978A1AA7F24C001ABDBA /* 18.jpg */,
				D639978B1AA7F24C001ABDBA /* 19.jpg */,
				D639978C1AA7F24C001ABDBA /* 20.jpg */,
				D639978D1AA7F24C001ABDBA /* 21.jpg */,
				D639978E1AA7F24C001ABDBA /* 22.jpg */,
				D639978F1AA7F24C001ABDBA /* 23.jpg */,
				D63997901AA7F24C001ABDBA /* 24.jpg */,
				D63997911AA7F24C001ABDBA /* 25.jpg */,
				D63997921AA7F24C001ABDBA /* 26.jpg */,
				D63997931AA7F24C001ABDBA /* 27.jpg */,
				D63997941AA7F24C001ABDBA /* 28.jpg */,
				D63997951AA7F24C001ABDBA /* 29.jpg */,
				D63997961AA7F24C001ABDBA /* 30.jpg */,
			);
			name = profileHeads;
			sourceTree = "<group>";
		};
		D63997B61AA7F2D9001ABDBA /* images */ = {
			isa = PBXGroup;
			children = (
				D63997C21AA812C4001ABDBA /* personalProfile@2x.png */,
				D63997BD1AA7F8FC001ABDBA /* settings@2x.png */,
				D63997BB1AA7F472001ABDBA /* loading.png */,
				D63997B71AA7F2E5001ABDBA /* loading@2x.png */,
			);
			name = images;
			sourceTree = "<group>";
		};
		D6437A581AA700DB0047FD66 = {
			isa = PBXGroup;
			children = (
				D6437A631AA700DB0047FD66 /* DBS */,
				D6437A801AA700DB0047FD66 /* DBSTests */,
				D6437A621AA700DB0047FD66 /* Products */,
			);
			sourceTree = "<group>";
		};
		D6437A621AA700DB0047FD66 /* Products */ = {
			isa = PBXGroup;
			children = (
				D6437A611AA700DB0047FD66 /* DBS.app */,
				D6437A7D1AA700DB0047FD66 /* DBSTests.xctest */,
			);
			name = Products;
			sourceTree = "<group>";
		};
		D6437A631AA700DB0047FD66 /* DBS */ = {
			isa = PBXGroup;
			children = (
				D63997B61AA7F2D9001ABDBA /* images */,
				D63997771AA7F23A001ABDBA /* profileHeads */,
				D63997721AA7EAA2001ABDBA /* font */,
				D6437A8D1AA70BF30047FD66 /* SwipeAPI */,
				D6437A681AA700DB0047FD66 /* AppDelegate.h */,
				D6437A691AA700DB0047FD66 /* AppDelegate.m */,
				D6437A6E1AA700DB0047FD66 /* ViewController.h */,
				D6437A6F1AA700DB0047FD66 /* ViewController.m */,
				D6437A971AA70D7F0047FD66 /* ProfileViewController.h */,
				D6437A981AA70D7F0047FD66 /* ProfileViewController.m */,
				D61AF3321AA72790006C2F55 /* ProfileContentViewController.h */,
				D61AF3331AA72790006C2F55 /* ProfileContentViewController.m */,
				D6437A711AA700DB0047FD66 /* Main.storyboard */,
				D63997BF1AA8066D001ABDBA /* FiltersViewController.h */,
				D63997C01AA8066D001ABDBA /* FiltersViewController.m */,
				D639976B1AA7D6FF001ABDBA /* DataManager.h */,
				D639976C1AA7D6FF001ABDBA /* DataManager.m */,
				D6437A741AA700DB0047FD66 /* Images.xcassets */,
				D6437A761AA700DB0047FD66 /* LaunchScreen.xib */,
				D6437A6B1AA700DB0047FD66 /* DBS.xcdatamodeld */,
				D6437A641AA700DB0047FD66 /* Supporting Files */,
			);
			path = DBS;
			sourceTree = "<group>";
		};
		D6437A641AA700DB0047FD66 /* Supporting Files */ = {
			isa = PBXGroup;
			children = (
				D6437A651AA700DB0047FD66 /* Info.plist */,
				D6437A661AA700DB0047FD66 /* main.m */,
			);
			name = "Supporting Files";
			sourceTree = "<group>";
		};
		D6437A801AA700DB0047FD66 /* DBSTests */ = {
			isa = PBXGroup;
			children = (
				D6437A831AA700DB0047FD66 /* DBSTests.m */,
				D6437A811AA700DB0047FD66 /* Supporting Files */,
			);
			path = DBSTests;
			sourceTree = "<group>";
		};
		D6437A811AA700DB0047FD66 /* Supporting Files */ = {
			isa = PBXGroup;
			children = (
				D6437A821AA700DB0047FD66 /* Info.plist */,
			);
			name = "Supporting Files";
			sourceTree = "<group>";
		};
		D6437A8D1AA70BF30047FD66 /* SwipeAPI */ = {
			isa = PBXGroup;
			children = (
				D6437A8E1AA70C090047FD66 /* DraggableViewBackground.h */,
				D6437A8F1AA70C090047FD66 /* DraggableViewBackground.m */,
				D6437A901AA70C090047FD66 /* DraggableView.h */,
				D6437A911AA70C090047FD66 /* DraggableView.m */,
				D6437A921AA70C090047FD66 /* OverlayView.h */,
				D6437A931AA70C090047FD66 /* OverlayView.m */,
			);
			name = SwipeAPI;
			sourceTree = "<group>";
		};
/* End PBXGroup section */

/* Begin PBXNativeTarget section */
		D6437A601AA700DB0047FD66 /* DBS */ = {
			isa = PBXNativeTarget;
			buildConfigurationList = D6437A871AA700DB0047FD66 /* Build configuration list for PBXNativeTarget "DBS" */;
			buildPhases = (
				D6437A5D1AA700DB0047FD66 /* Sources */,
				D6437A5E1AA700DB0047FD66 /* Frameworks */,
				D6437A5F1AA700DB0047FD66 /* Resources */,
			);
			buildRules = (
			);
			dependencies = (
			);
			name = DBS;
			productName = DBS;
			productReference = D6437A611AA700DB0047FD66 /* DBS.app */;
			productType = "com.apple.product-type.application";
		};
		D6437A7C1AA700DB0047FD66 /* DBSTests */ = {
			isa = PBXNativeTarget;
			buildConfigurationList = D6437A8A1AA700DB0047FD66 /* Build configuration list for PBXNativeTarget "DBSTests" */;
			buildPhases = (
				D6437A791AA700DB0047FD66 /* Sources */,
				D6437A7A1AA700DB0047FD66 /* Frameworks */,
				D6437A7B1AA700DB0047FD66 /* Resources */,
			);
			buildRules = (
			);
			dependencies = (
				D6437A7F1AA700DB0047FD66 /* PBXTargetDependency */,
			);
			name = DBSTests;
			productName = DBSTests;
			productReference = D6437A7D1AA700DB0047FD66 /* DBSTests.xctest */;
			productType = "com.apple.product-type.bundle.unit-test";
		};
/* End PBXNativeTarget section */

/* Begin PBXProject section */
		D6437A591AA700DB0047FD66 /* Project object */ = {
			isa = PBXProject;
			attributes = {
				LastUpgradeCheck = 0610;
				ORGANIZATIONNAME = DBS;
				TargetAttributes = {
					D6437A601AA700DB0047FD66 = {
						CreatedOnToolsVersion = 6.1;
					};
					D6437A7C1AA700DB0047FD66 = {
						CreatedOnToolsVersion = 6.1;
						TestTargetID = D6437A601AA700DB0047FD66;
					};
				};
			};
			buildConfigurationList = D6437A5C1AA700DB0047FD66 /* Build configuration list for PBXProject "DBS" */;
			compatibilityVersion = "Xcode 3.2";
			developmentRegion = English;
			hasScannedForEncodings = 0;
			knownRegions = (
				en,
				Base,
			);
			mainGroup = D6437A581AA700DB0047FD66;
			productRefGroup = D6437A621AA700DB0047FD66 /* Products */;
			projectDirPath = "";
			projectRoot = "";
			targets = (
				D6437A601AA700DB0047FD66 /* DBS */,
				D6437A7C1AA700DB0047FD66 /* DBSTests */,
			);
		};
/* End PBXProject section */

/* Begin PBXResourcesBuildPhase section */
		D6437A5F1AA700DB0047FD66 /* Resources */ = {
			isa = PBXResourcesBuildPhase;
			buildActionMask = 2147483647;
			files = (
				D639979C1AA7F24C001ABDBA /* 5.jpg in Resources */,
				D63997BE1AA7F8FC001ABDBA /* settings@2x.png in Resources */,
				D63997AD1AA7F24C001ABDBA /* 22.jpg in Resources */,
				D639979A1AA7F24C001ABDBA /* 3.jpg in Resources */,
				D63997A31AA7F24C001ABDBA /* 12.jpg in Resources */,
				D63997971AA7F24C001ABDBA /* 0.jpg in Resources */,
				D63997A01AA7F24C001ABDBA /* 9.jpg in Resources */,
				D63997A41AA7F24C001ABDBA /* 13.jpg in Resources */,
				D63997C31AA812C4001ABDBA /* personalProfile@2x.png in Resources */,
				D63997751AA7EB1B001ABDBA /* SwissBTBolCon.otf in Resources */,
				D6437A731AA700DB0047FD66 /* Main.storyboard in Resources */,
				D63997B31AA7F24C001ABDBA /* 28.jpg in Resources */,
				D63997A11AA7F24C001ABDBA /* 10.jpg in Resources */,
				D6437A781AA700DB0047FD66 /* LaunchScreen.xib in Resources */,
				D63997B51AA7F24C001ABDBA /* 30.jpg in Resources */,
				D63997AA1AA7F24C001ABDBA /* 19.jpg in Resources */,
				D63997A51AA7F24C001ABDBA /* 14.jpg in Resources */,
				D639979F1AA7F24C001ABDBA /* 8.jpg in Resources */,
				D63997B41AA7F24C001ABDBA /* 29.jpg in Resources */,
				D63997AB1AA7F24C001ABDBA /* 20.jpg in Resources */,
				D63997A81AA7F24C001ABDBA /* 17.jpg in Resources */,
				D63997B81AA7F2E5001ABDBA /* loading@2x.png in Resources */,
				D639979D1AA7F24C001ABDBA /* 6.jpg in Resources */,
				D63997A91AA7F24C001ABDBA /* 18.jpg in Resources */,
				D6437A751AA700DB0047FD66 /* Images.xcassets in Resources */,
				D63997A61AA7F24C001ABDBA /* 15.jpg in Resources */,
				D63997AE1AA7F24C001ABDBA /* 23.jpg in Resources */,
				D63997761AA7EB1B001ABDBA /* SwissBTLigCon.otf in Resources */,
				D63997B01AA7F24C001ABDBA /* 25.jpg in Resources */,
				D63997991AA7F24C001ABDBA /* 2.jpg in Resources */,
				D639979E1AA7F24C001ABDBA /* 7.jpg in Resources */,
				D63997B21AA7F24C001ABDBA /* 27.jpg in Resources */,
				D63997BC1AA7F472001ABDBA /* loading.png in Resources */,
				D63997A71AA7F24C001ABDBA /* 16.jpg in Resources */,
				D63997AF1AA7F24C001ABDBA /* 24.jpg in Resources */,
				D639979B1AA7F24C001ABDBA /* 4.jpg in Resources */,
				D63997981AA7F24C001ABDBA /* 1.jpg in Resources */,
				D63997B11AA7F24C001ABDBA /* 26.jpg in Resources */,
				D63997AC1AA7F24C001ABDBA /* 21.jpg in Resources */,
				D63997A21AA7F24C001ABDBA /* 11.jpg in Resources */,
			);
			runOnlyForDeploymentPostprocessing = 0;
		};
		D6437A7B1AA700DB0047FD66 /* Resources */ = {
			isa = PBXResourcesBuildPhase;
			buildActionMask = 2147483647;
			files = (
			);
			runOnlyForDeploymentPostprocessing = 0;
		};
/* End PBXResourcesBuildPhase section */

/* Begin PBXSourcesBuildPhase section */
		D6437A5D1AA700DB0047FD66 /* Sources */ = {
			isa = PBXSourcesBuildPhase;
			buildActionMask = 2147483647;
			files = (
				D6437A951AA70C090047FD66 /* DraggableView.m in Sources */,
				D639976D1AA7D6FF001ABDBA /* DataManager.m in Sources */,
				D6437A6D1AA700DB0047FD66 /* DBS.xcdatamodeld in Sources */,
				D6437A991AA70D7F0047FD66 /* ProfileViewController.m in Sources */,
				D61AF3341AA72790006C2F55 /* ProfileContentViewController.m in Sources */,
				D63997C11AA8066D001ABDBA /* FiltersViewController.m in Sources */,
				D6437A961AA70C090047FD66 /* OverlayView.m in Sources */,
				D6437A6A1AA700DB0047FD66 /* AppDelegate.m in Sources */,
				D6437A701AA700DB0047FD66 /* ViewController.m in Sources */,
				D6437A671AA700DB0047FD66 /* main.m in Sources */,
				D6437A941AA70C090047FD66 /* DraggableViewBackground.m in Sources */,
			);
			runOnlyForDeploymentPostprocessing = 0;
		};
		D6437A791AA700DB0047FD66 /* Sources */ = {
			isa = PBXSourcesBuildPhase;
			buildActionMask = 2147483647;
			files = (
				D6437A841AA700DB0047FD66 /* DBSTests.m in Sources */,
			);
			runOnlyForDeploymentPostprocessing = 0;
		};
/* End PBXSourcesBuildPhase section */

/* Begin PBXTargetDependency section */
		D6437A7F1AA700DB0047FD66 /* PBXTargetDependency */ = {
			isa = PBXTargetDependency;
			target = D6437A601AA700DB0047FD66 /* DBS */;
			targetProxy = D6437A7E1AA700DB0047FD66 /* PBXContainerItemProxy */;
		};
/* End PBXTargetDependency section */

/* Begin PBXVariantGroup section */
		D6437A711AA700DB0047FD66 /* Main.storyboard */ = {
			isa = PBXVariantGroup;
			children = (
				D6437A721AA700DB0047FD66 /* Base */,
			);
			name = Main.storyboard;
			sourceTree = "<group>";
		};
		D6437A761AA700DB0047FD66 /* LaunchScreen.xib */ = {
			isa = PBXVariantGroup;
			children = (
				D6437A771AA700DB0047FD66 /* Base */,
			);
			name = LaunchScreen.xib;
			sourceTree = "<group>";
		};
/* End PBXVariantGroup section */

/* Begin XCBuildConfiguration section */
		D6437A851AA700DB0047FD66 /* Debug */ = {
			isa = XCBuildConfiguration;
			buildSettings = {
				ALWAYS_SEARCH_USER_PATHS = NO;
				CLANG_CXX_LANGUAGE_STANDARD = "gnu++0x";
				CLANG_CXX_LIBRARY = "libc++";
				CLANG_ENABLE_MODULES = YES;
				CLANG_ENABLE_OBJC_ARC = YES;
				CLANG_WARN_BOOL_CONVERSION = YES;
				CLANG_WARN_CONSTANT_CONVERSION = YES;
				CLANG_WARN_DIRECT_OBJC_ISA_USAGE = YES_ERROR;
				CLANG_WARN_EMPTY_BODY = YES;
				CLANG_WARN_ENUM_CONVERSION = YES;
				CLANG_WARN_INT_CONVERSION = YES;
				CLANG_WARN_OBJC_ROOT_CLASS = YES_ERROR;
				CLANG_WARN_UNREACHABLE_CODE = YES;
				CLANG_WARN__DUPLICATE_METHOD_MATCH = YES;
				"CODE_SIGN_IDENTITY[sdk=iphoneos*]" = "iPhone Developer";
				COPY_PHASE_STRIP = NO;
				ENABLE_STRICT_OBJC_MSGSEND = YES;
				GCC_C_LANGUAGE_STANDARD = gnu99;
				GCC_DYNAMIC_NO_PIC = NO;
				GCC_OPTIMIZATION_LEVEL = 0;
				GCC_PREPROCESSOR_DEFINITIONS = (
					"DEBUG=1",
					"$(inherited)",
				);
				GCC_SYMBOLS_PRIVATE_EXTERN = NO;
				GCC_WARN_64_TO_32_BIT_CONVERSION = YES;
				GCC_WARN_ABOUT_RETURN_TYPE = YES_ERROR;
				GCC_WARN_UNDECLARED_SELECTOR = YES;
				GCC_WARN_UNINITIALIZED_AUTOS = YES_AGGRESSIVE;
				GCC_WARN_UNUSED_FUNCTION = YES;
				GCC_WARN_UNUSED_VARIABLE = YES;
				IPHONEOS_DEPLOYMENT_TARGET = 8.1;
				MTL_ENABLE_DEBUG_INFO = YES;
				ONLY_ACTIVE_ARCH = YES;
				SDKROOT = iphoneos;
			};
			name = Debug;
		};
		D6437A861AA700DB0047FD66 /* Release */ = {
			isa = XCBuildConfiguration;
			buildSettings = {
				ALWAYS_SEARCH_USER_PATHS = NO;
				CLANG_CXX_LANGUAGE_STANDARD = "gnu++0x";
				CLANG_CXX_LIBRARY = "libc++";
				CLANG_ENABLE_MODULES = YES;
				CLANG_ENABLE_OBJC_ARC = YES;
				CLANG_WARN_BOOL_CONVERSION = YES;
				CLANG_WARN_CONSTANT_CONVERSION = YES;
				CLANG_WARN_DIRECT_OBJC_ISA_USAGE = YES_ERROR;
				CLANG_WARN_EMPTY_BODY = YES;
				CLANG_WARN_ENUM_CONVERSION = YES;
				CLANG_WARN_INT_CONVERSION = YES;
				CLANG_WARN_OBJC_ROOT_CLASS = YES_ERROR;
				CLANG_WARN_UNREACHABLE_CODE = YES;
				CLANG_WARN__DUPLICATE_METHOD_MATCH = YES;
				"CODE_SIGN_IDENTITY[sdk=iphoneos*]" = "iPhone Developer";
				COPY_PHASE_STRIP = YES;
				ENABLE_NS_ASSERTIONS = NO;
				ENABLE_STRICT_OBJC_MSGSEND = YES;
				GCC_C_LANGUAGE_STANDARD = gnu99;
				GCC_WARN_64_TO_32_BIT_CONVERSION = YES;
				GCC_WARN_ABOUT_RETURN_TYPE = YES_ERROR;
				GCC_WARN_UNDECLARED_SELECTOR = YES;
				GCC_WARN_UNINITIALIZED_AUTOS = YES_AGGRESSIVE;
				GCC_WARN_UNUSED_FUNCTION = YES;
				GCC_WARN_UNUSED_VARIABLE = YES;
				IPHONEOS_DEPLOYMENT_TARGET = 8.1;
				MTL_ENABLE_DEBUG_INFO = NO;
				SDKROOT = iphoneos;
				VALIDATE_PRODUCT = YES;
			};
			name = Release;
		};
		D6437A881AA700DB0047FD66 /* Debug */ = {
			isa = XCBuildConfiguration;
			buildSettings = {
				ASSETCATALOG_COMPILER_APPICON_NAME = AppIcon;
				ASSETCATALOG_COMPILER_LAUNCHIMAGE_NAME = LaunchImage;
				INFOPLIST_FILE = DBS/Info.plist;
				IPHONEOS_DEPLOYMENT_TARGET = 8.0;
				LD_RUNPATH_SEARCH_PATHS = "$(inherited) @executable_path/Frameworks";
				PRODUCT_NAME = "$(TARGET_NAME)";
			};
			name = Debug;
		};
		D6437A891AA700DB0047FD66 /* Release */ = {
			isa = XCBuildConfiguration;
			buildSettings = {
				ASSETCATALOG_COMPILER_APPICON_NAME = AppIcon;
				ASSETCATALOG_COMPILER_LAUNCHIMAGE_NAME = LaunchImage;
				INFOPLIST_FILE = DBS/Info.plist;
				IPHONEOS_DEPLOYMENT_TARGET = 8.0;
				LD_RUNPATH_SEARCH_PATHS = "$(inherited) @executable_path/Frameworks";
				PRODUCT_NAME = "$(TARGET_NAME)";
			};
			name = Release;
		};
		D6437A8B1AA700DB0047FD66 /* Debug */ = {
			isa = XCBuildConfiguration;
			buildSettings = {
				BUNDLE_LOADER = "$(TEST_HOST)";
				FRAMEWORK_SEARCH_PATHS = (
					"$(SDKROOT)/Developer/Library/Frameworks",
					"$(inherited)",
				);
				GCC_PREPROCESSOR_DEFINITIONS = (
					"DEBUG=1",
					"$(inherited)",
				);
				INFOPLIST_FILE = DBSTests/Info.plist;
				LD_RUNPATH_SEARCH_PATHS = "$(inherited) @executable_path/Frameworks @loader_path/Frameworks";
				PRODUCT_NAME = "$(TARGET_NAME)";
				TEST_HOST = "$(BUILT_PRODUCTS_DIR)/DBS.app/DBS";
			};
			name = Debug;
		};
		D6437A8C1AA700DB0047FD66 /* Release */ = {
			isa = XCBuildConfiguration;
			buildSettings = {
				BUNDLE_LOADER = "$(TEST_HOST)";
				FRAMEWORK_SEARCH_PATHS = (
					"$(SDKROOT)/Developer/Library/Frameworks",
					"$(inherited)",
				);
				INFOPLIST_FILE = DBSTests/Info.plist;
				LD_RUNPATH_SEARCH_PATHS = "$(inherited) @executable_path/Frameworks @loader_path/Frameworks";
				PRODUCT_NAME = "$(TARGET_NAME)";
				TEST_HOST = "$(BUILT_PRODUCTS_DIR)/DBS.app/DBS";
			};
			name = Release;
		};
/* End XCBuildConfiguration section */

/* Begin XCConfigurationList section */
		D6437A5C1AA700DB0047FD66 /* Build configuration list for PBXProject "DBS" */ = {
			isa = XCConfigurationList;
			buildConfigurations = (
				D6437A851AA700DB0047FD66 /* Debug */,
				D6437A861AA700DB0047FD66 /* Release */,
			);
			defaultConfigurationIsVisible = 0;
			defaultConfigurationName = Release;
		};
		D6437A871AA700DB0047FD66 /* Build configuration list for PBXNativeTarget "DBS" */ = {
			isa = XCConfigurationList;
			buildConfigurations = (
				D6437A881AA700DB0047FD66 /* Debug */,
				D6437A891AA700DB0047FD66 /* Release */,
			);
			defaultConfigurationIsVisible = 0;
			defaultConfigurationName = Release;
		};
		D6437A8A1AA700DB0047FD66 /* Build configuration list for PBXNativeTarget "DBSTests" */ = {
			isa = XCConfigurationList;
			buildConfigurations = (
				D6437A8B1AA700DB0047FD66 /* Debug */,
				D6437A8C1AA700DB0047FD66 /* Release */,
			);
			defaultConfigurationIsVisible = 0;
			defaultConfigurationName = Release;
		};
/* End XCConfigurationList section */

/* Begin XCVersionGroup section */
		D6437A6B1AA700DB0047FD66 /* DBS.xcdatamodeld */ = {
			isa = XCVersionGroup;
			children = (
				D6437A6C1AA700DB0047FD66 /* DBS.xcdatamodel */,
			);
			currentVersion = D6437A6C1AA700DB0047FD66 /* DBS.xcdatamodel */;
			path = DBS.xcdatamodeld;
			sourceTree = "<group>";
			versionGroupType = wrapper.xcdatamodel;
		};
/* End XCVersionGroup section */
	};
	rootObject = D6437A591AA700DB0047FD66 /* Project object */;
}
